
Microsoft Visual Studio Solution File, Format Version 12.00
# Visual Studio Version 17
VisualStudioVersion = 17.4.33205.214
MinimumVisualStudioVersion = 10.0.40219.1
Project("{9A19103F-16F7-4668-BE54-9A1E7A4F7556}") = "TheCatAPI_Lib", "TheCatAPI_Lib.csproj", "{98E72477-0D35-406C-B204-043076083E79}"
EndProject
Global
	GlobalSection(SolutionConfigurationPlatforms) = preSolution
		Debug|Any CPU = Debug|Any CPU
		Release|Any CPU = Release|Any CPU
	EndGlobalSection
	GlobalSection(ProjectConfigurationPlatforms) = postSolution
		{98E72477-0D35-406C-B204-043076083E79}.Debug|Any CPU.ActiveCfg = Debug|Any CPU
		{98E72477-0D35-406C-B204-043076083E79}.Debug|Any CPU.Build.0 = Debug|Any CPU
		{98E72477-0D35-406C-B204-043076083E79}.Release|Any CPU.ActiveCfg = Release|Any CPU
		{98E72477-0D35-406C-B204-043076083E79}.Release|Any CPU.Build.0 = Release|Any CPU
	EndGlobalSection
	GlobalSection(SolutionProperties) = preSolution
		HideSolutionNode = FALSE
	EndGlobalSection
	GlobalSection(ExtensibilityGlobals) = postSolution
		SolutionGuid = {DD546490-1749-4BCE-9197-1A846AE00232}
	EndGlobalSection
EndGlobal
